
Microsoft Visual Studio Solution File, Format Version 12.00
# Visual Studio Version 17
VisualStudioVersion = 17.9.34607.119
MinimumVisualStudioVersion = 10.0.40219.1
Project("{FAE04EC0-301F-11D3-BF4B-00C04F79EFBC}") = "BlazorOwlCarouselSample", "BlazorOwlCarouselSample\BlazorOwlCarouselSample.csproj", "{CEFD18E7-D5FA-479D-971B-E64D6B8AD0CA}"
EndProject
Global
	GlobalSection(SolutionConfigurationPlatforms) = preSolution
		Debug|Any CPU = Debug|Any CPU
		Release|Any CPU = Release|Any CPU
	EndGlobalSection
	GlobalSection(ProjectConfigurationPlatforms) = postSolution
		{CEFD18E7-D5FA-479D-971B-E64D6B8AD0CA}.Debug|Any CPU.ActiveCfg = Debug|Any CPU
		{CEFD18E7-D5FA-479D-971B-E64D6B8AD0CA}.Debug|Any CPU.Build.0 = Debug|Any CPU
		{CEFD18E7-D5FA-479D-971B-E64D6B8AD0CA}.Release|Any CPU.ActiveCfg = Release|Any CPU
		{CEFD18E7-D5FA-479D-971B-E64D6B8AD0CA}.Release|Any CPU.Build.0 = Release|Any CPU
	EndGlobalSection
	GlobalSection(SolutionProperties) = preSolution
		HideSolutionNode = FALSE
	EndGlobalSection
	GlobalSection(ExtensibilityGlobals) = postSolution
		SolutionGuid = {BAA112E8-507C-406F-9547-5C53725EDABC}
	EndGlobalSection
EndGlobal
